
Microsoft Visual Studio Solution File, Format Version 12.00
# Visual Studio Version 17
VisualStudioVersion = 17.9.34723.18
MinimumVisualStudioVersion = 10.0.40219.1
Project("{9A19103F-16F7-4668-BE54-9A1E7A4F7556}") = "CoreDX.Extensions.DependencyInjection", "CoreDX.Extensions.DependencyInjection\CoreDX.Extensions.DependencyInjection.csproj", "{A5C0C3F9-08F0-4C5B-B382-72B5006F1A5A}"
EndProject
Project("{9A19103F-16F7-4668-BE54-9A1E7A4F7556}") = "CoreDX.Extensions.DependencyInjection.Abstractions", "CoreDX.Extensions.DependencyInjection.Abstractions\CoreDX.Extensions.DependencyInjection.Abstractions.csproj", "{A1AA05B0-7234-43CE-9A60-C014C8018C61}"
EndProject
Project("{9A19103F-16F7-4668-BE54-9A1E7A4F7556}") = "CoreDX.Extensions.DependencyInjection.Proxies.Abstractions", "CoreDX.Extensions.DependencyInjection.Proxies.Abstractions\CoreDX.Extensions.DependencyInjection.Proxies.Abstractions.csproj", "{FA832FB5-4367-4739-A571-2287D1472323}"
EndProject
Project("{9A19103F-16F7-4668-BE54-9A1E7A4F7556}") = "CoreDX.Extensions.DependencyInjection.Hosting", "CoreDX.Extensions.DependencyInjection.Hosting\CoreDX.Extensions.DependencyInjection.Hosting.csproj", "{9EEECF86-3B70-456A-A436-01F3C75277F0}"
EndProject
Project("{9A19103F-16F7-4668-BE54-9A1E7A4F7556}") = "CoreDX.Extensions.DependencyInjection.Hosting.Proxies", "CoreDX.Extensions.DependencyInjection.Hosting.Proxies\CoreDX.Extensions.DependencyInjection.Hosting.Proxies.csproj", "{814C4C21-A5A0-4B22-9EA7-CEA0A3E72B56}"
EndProject
Project("{2150E333-8FDC-42A3-9474-1A3956D46DE8}") = "solution-items", "solution-items", "{8CE6C42E-F908-4D07-8DB2-78599B5583DC}"
	ProjectSection(SolutionItems) = preProject
		.gitattributes = .gitattributes
		.gitignore = .gitignore
		Directory.Build.props = Directory.Build.props
		Directory.Packages.props = Directory.Packages.props
		LICENSE.txt = LICENSE.txt
		README.md = README.md
	EndProjectSection
EndProject
Global
	GlobalSection(SolutionConfigurationPlatforms) = preSolution
		Debug|Any CPU = Debug|Any CPU
		Release|Any CPU = Release|Any CPU
	EndGlobalSection
	GlobalSection(ProjectConfigurationPlatforms) = postSolution
		{A5C0C3F9-08F0-4C5B-B382-72B5006F1A5A}.Debug|Any CPU.ActiveCfg = Debug|Any CPU
		{A5C0C3F9-08F0-4C5B-B382-72B5006F1A5A}.Debug|Any CPU.Build.0 = Debug|Any CPU
		{A5C0C3F9-08F0-4C5B-B382-72B5006F1A5A}.Release|Any CPU.ActiveCfg = Release|Any CPU
		{A5C0C3F9-08F0-4C5B-B382-72B5006F1A5A}.Release|Any CPU.Build.0 = Release|Any CPU
		{A1AA05B0-7234-43CE-9A60-C014C8018C61}.Debug|Any CPU.ActiveCfg = Debug|Any CPU
		{A1AA05B0-7234-43CE-9A60-C014C8018C61}.Debug|Any CPU.Build.0 = Debug|Any CPU
		{A1AA05B0-7234-43CE-9A60-C014C8018C61}.Release|Any CPU.ActiveCfg = Release|Any CPU
		{A1AA05B0-7234-43CE-9A60-C014C8018C61}.Release|Any CPU.Build.0 = Release|Any CPU
		{FA832FB5-4367-4739-A571-2287D1472323}.Debug|Any CPU.ActiveCfg = Debug|Any CPU
		{FA832FB5-4367-4739-A571-2287D1472323}.Debug|Any CPU.Build.0 = Debug|Any CPU
		{FA832FB5-4367-4739-A571-2287D1472323}.Release|Any CPU.ActiveCfg = Release|Any CPU
		{FA832FB5-4367-4739-A571-2287D1472323}.Release|Any CPU.Build.0 = Release|Any CPU
		{9EEECF86-3B70-456A-A436-01F3C75277F0}.Debug|Any CPU.ActiveCfg = Debug|Any CPU
		{9EEECF86-3B70-456A-A436-01F3C75277F0}.Debug|Any CPU.Build.0 = Debug|Any CPU
		{9EEECF86-3B70-456A-A436-01F3C75277F0}.Release|Any CPU.ActiveCfg = Release|Any CPU
		{9EEECF86-3B70-456A-A436-01F3C75277F0}.Release|Any CPU.Build.0 = Release|Any CPU
		{814C4C21-A5A0-4B22-9EA7-CEA0A3E72B56}.Debug|Any CPU.ActiveCfg = Debug|Any CPU
		{814C4C21-A5A0-4B22-9EA7-CEA0A3E72B56}.Debug|Any CPU.Build.0 = Debug|Any CPU
		{814C4C21-A5A0-4B22-9EA7-CEA0A3E72B56}.Release|Any CPU.ActiveCfg = Release|Any CPU
		{814C4C21-A5A0-4B22-9EA7-CEA0A3E72B56}.Release|Any CPU.Build.0 = Release|Any CPU
	EndGlobalSection
	GlobalSection(SolutionProperties) = preSolution
		HideSolutionNode = FALSE
	EndGlobalSection
	GlobalSection(ExtensibilityGlobals) = postSolution
		SolutionGuid = {C6356ED4-C455-456C-82EC-93E51E2DBD4B}
	EndGlobalSection
EndGlobal
